{
  "name": "Window-Swapping-Chrome-Extension",
  "lockfileVersion": 3,
  "requires": true,
  "packages": {
    "": {
      "devDependencies": {
        "chrome-types": "^0.1.388"
      }
    },
    "node_modules/chrome-types": {
      "version": "0.1.388",
      "resolved": "https://registry.npmjs.org/chrome-types/-/chrome-types-0.1.388.tgz",
      "integrity": "sha512-YH8ZsMnxiBGoFET/q7QCox9C0h0dCQHEKLKfRTdgF5GyGVYK9B2urBsX/gY/TOQzwhVGH1j9AhdQlOA3xAjDeg==",
      "dev": true,
      "license": "Apache-2.0"
    }
  }
}
